// !$*UTF8*$!
{
	archiveVersion = 1;
	classes = {
	};
	objectVersion = 56;
	objects = {

/* Begin PBXBuildFile section */
		91BC0A442CDA590A00542FD2 /* NasaPhotoApp.swift in Sources */ = {isa = PBXBuildFile; fileRef = 91BC0A432CDA590A00542FD2 /* NasaPhotoApp.swift */; };
		91BC0A462CDA590A00542FD2 /* ContentView.swift in Sources */ = {isa = PBXBuildFile; fileRef = 91BC0A452CDA590A00542FD2 /* ContentView.swift */; };
		91BC0A482CDA590B00542FD2 /* Assets.xcassets in Resources */ = {isa = PBXBuildFile; fileRef = 91BC0A472CDA590B00542FD2 /* Assets.xcassets */; };
		91BC0A4B2CDA590B00542FD2 /* Preview Assets.xcassets in Resources */ = {isa = PBXBuildFile; fileRef = 91BC0A4A2CDA590B00542FD2 /* Preview Assets.xcassets */; };
		91BC0A552CDA590B00542FD2 /* NasaPhotoTests.swift in Sources */ = {isa = PBXBuildFile; fileRef = 91BC0A542CDA590B00542FD2 /* NasaPhotoTests.swift */; };
		91BC0A5F2CDA590B00542FD2 /* NasaPhotoUITests.swift in Sources */ = {isa = PBXBuildFile; fileRef = 91BC0A5E2CDA590B00542FD2 /* NasaPhotoUITests.swift */; };
		91BC0A612CDA590B00542FD2 /* NasaPhotoUITestsLaunchTests.swift in Sources */ = {isa = PBXBuildFile; fileRef = 91BC0A602CDA590B00542FD2 /* NasaPhotoUITestsLaunchTests.swift */; };
		91BC0A6E2CDA5A2B00542FD2 /* PhotoInfo.swift in Sources */ = {isa = PBXBuildFile; fileRef = 91BC0A6D2CDA5A2B00542FD2 /* PhotoInfo.swift */; };
		91BC0A702CDA5BB100542FD2 /* PhotoInfoService.swift in Sources */ = {isa = PBXBuildFile; fileRef = 91BC0A6F2CDA5BB100542FD2 /* PhotoInfoService.swift */; };
		91BC0A722CDA61D100542FD2 /* PhotoInfoViewModel.swift in Sources */ = {isa = PBXBuildFile; fileRef = 91BC0A712CDA61D100542FD2 /* PhotoInfoViewModel.swift */; };
/* End PBXBuildFile section */

/* Begin PBXContainerItemProxy section */
		91BC0A512CDA590B00542FD2 /* PBXContainerItemProxy */ = {
			isa = PBXContainerItemProxy;
			containerPortal = 91BC0A382CDA590A00542FD2 /* Project object */;
			proxyType = 1;
			remoteGlobalIDString = 91BC0A3F2CDA590A00542FD2;
			remoteInfo = NasaPhoto;
		};
		91BC0A5B2CDA590B00542FD2 /* PBXContainerItemProxy */ = {
			isa = PBXContainerItemProxy;
			containerPortal = 91BC0A382CDA590A00542FD2 /* Project object */;
			proxyType = 1;
			remoteGlobalIDString = 91BC0A3F2CDA590A00542FD2;
			remoteInfo = NasaPhoto;
		};
/* End PBXContainerItemProxy section */

/* Begin PBXFileReference section */
		91BC0A402CDA590A00542FD2 /* NasaPhoto.app */ = {isa = PBXFileReference; explicitFileType = wrapper.application; includeInIndex = 0; path = NasaPhoto.app; sourceTree = BUILT_PRODUCTS_DIR; };
		91BC0A432CDA590A00542FD2 /* NasaPhotoApp.swift */ = {isa = PBXFileReference; lastKnownFileType = sourcecode.swift; path = NasaPhotoApp.swift; sourceTree = "<group>"; };
		91BC0A452CDA590A00542FD2 /* ContentView.swift */ = {isa = PBXFileReference; lastKnownFileType = sourcecode.swift; path = ContentView.swift; sourceTree = "<group>"; };
		91BC0A472CDA590B00542FD2 /* Assets.xcassets */ = {isa = PBXFileReference; lastKnownFileType = folder.assetcatalog; path = Assets.xcassets; sourceTree = "<group>"; };
		91BC0A4A2CDA590B00542FD2 /* Preview Assets.xcassets */ = {isa = PBXFileReference; lastKnownFileType = folder.assetcatalog; path = "Preview Assets.xcassets"; sourceTree = "<group>"; };
		91BC0A502CDA590B00542FD2 /* NasaPhotoTests.xctest */ = {isa = PBXFileReference; explicitFileType = wrapper.cfbundle; includeInIndex = 0; path = NasaPhotoTests.xctest; sourceTree = BUILT_PRODUCTS_DIR; };
		91BC0A542CDA590B00542FD2 /* NasaPhotoTests.swift */ = {isa = PBXFileReference; lastKnownFileType = sourcecode.swift; path = NasaPhotoTests.swift; sourceTree = "<group>"; };
		91BC0A5A2CDA590B00542FD2 /* NasaPhotoUITests.xctest */ = {isa = PBXFileReference; explicitFileType = wrapper.cfbundle; includeInIndex = 0; path = NasaPhotoUITests.xctest; sourceTree = BUILT_PRODUCTS_DIR; };
		91BC0A5E2CDA590B00542FD2 /* NasaPhotoUITests.swift */ = {isa = PBXFileReference; lastKnownFileType = sourcecode.swift; path = NasaPhotoUITests.swift; sourceTree = "<group>"; };
		91BC0A602CDA590B00542FD2 /* NasaPhotoUITestsLaunchTests.swift */ = {isa = PBXFileReference; lastKnownFileType = sourcecode.swift; path = NasaPhotoUITestsLaunchTests.swift; sourceTree = "<group>"; };
		91BC0A6D2CDA5A2B00542FD2 /* PhotoInfo.swift */ = {isa = PBXFileReference; lastKnownFileType = sourcecode.swift; path = PhotoInfo.swift; sourceTree = "<group>"; };
		91BC0A6F2CDA5BB100542FD2 /* PhotoInfoService.swift */ = {isa = PBXFileReference; lastKnownFileType = sourcecode.swift; path = PhotoInfoService.swift; sourceTree = "<group>"; };
		91BC0A712CDA61D100542FD2 /* PhotoInfoViewModel.swift */ = {isa = PBXFileReference; lastKnownFileType = sourcecode.swift; path = PhotoInfoViewModel.swift; sourceTree = "<group>"; };
/* End PBXFileReference section */

/* Begin PBXFrameworksBuildPhase section */
		91BC0A3D2CDA590A00542FD2 /* Frameworks */ = {
			isa = PBXFrameworksBuildPhase;
			buildActionMask = 2147483647;
			files = (
			);
			runOnlyForDeploymentPostprocessing = 0;
		};
		91BC0A4D2CDA590B00542FD2 /* Frameworks */ = {
			isa = PBXFrameworksBuildPhase;
			buildActionMask = 2147483647;
			files = (
			);
			runOnlyForDeploymentPostprocessing = 0;
		};
		91BC0A572CDA590B00542FD2 /* Frameworks */ = {
			isa = PBXFrameworksBuildPhase;
			buildActionMask = 2147483647;
			files = (
			);
			runOnlyForDeploymentPostprocessing = 0;
		};
/* End PBXFrameworksBuildPhase section */

/* Begin PBXGroup section */
		91BC0A372CDA590A00542FD2 = {
			isa = PBXGroup;
			children = (
				91BC0A422CDA590A00542FD2 /* NasaPhoto */,
				91BC0A532CDA590B00542FD2 /* NasaPhotoTests */,
				91BC0A5D2CDA590B00542FD2 /* NasaPhotoUITests */,
				91BC0A412CDA590A00542FD2 /* Products */,
			);
			sourceTree = "<group>";
		};
		91BC0A412CDA590A00542FD2 /* Products */ = {
			isa = PBXGroup;
			children = (
				91BC0A402CDA590A00542FD2 /* NasaPhoto.app */,
				91BC0A502CDA590B00542FD2 /* NasaPhotoTests.xctest */,
				91BC0A5A2CDA590B00542FD2 /* NasaPhotoUITests.xctest */,
			);
			name = Products;
			sourceTree = "<group>";
		};
		91BC0A422CDA590A00542FD2 /* NasaPhoto */ = {
			isa = PBXGroup;
			children = (
				91BC0A432CDA590A00542FD2 /* NasaPhotoApp.swift */,
				91BC0A452CDA590A00542FD2 /* ContentView.swift */,
				91BC0A6D2CDA5A2B00542FD2 /* PhotoInfo.swift */,
				91BC0A6F2CDA5BB100542FD2 /* PhotoInfoService.swift */,
				91BC0A712CDA61D100542FD2 /* PhotoInfoViewModel.swift */,
				91BC0A472CDA590B00542FD2 /* Assets.xcassets */,
				91BC0A492CDA590B00542FD2 /* Preview Content */,
			);
			path = NasaPhoto;
			sourceTree = "<group>";
		};
		91BC0A492CDA590B00542FD2 /* Preview Content */ = {
			isa = PBXGroup;
			children = (
				91BC0A4A2CDA590B00542FD2 /* Preview Assets.xcassets */,
			);
			path = "Preview Content";
			sourceTree = "<group>";
		};
		91BC0A532CDA590B00542FD2 /* NasaPhotoTests */ = {
			isa = PBXGroup;
			children = (
				91BC0A542CDA590B00542FD2 /* NasaPhotoTests.swift */,
			);
			path = NasaPhotoTests;
			sourceTree = "<group>";
		};
		91BC0A5D2CDA590B00542FD2 /* NasaPhotoUITests */ = {
			isa = PBXGroup;
			children = (
				91BC0A5E2CDA590B00542FD2 /* NasaPhotoUITests.swift */,
				91BC0A602CDA590B00542FD2 /* NasaPhotoUITestsLaunchTests.swift */,
			);
			path = NasaPhotoUITests;
			sourceTree = "<group>";
		};
/* End PBXGroup section */

/* Begin PBXNativeTarget section */
		91BC0A3F2CDA590A00542FD2 /* NasaPhoto */ = {
			isa = PBXNativeTarget;
			buildConfigurationList = 91BC0A642CDA590B00542FD2 /* Build configuration list for PBXNativeTarget "NasaPhoto" */;
			buildPhases = (
				91BC0A3C2CDA590A00542FD2 /* Sources */,
				91BC0A3D2CDA590A00542FD2 /* Frameworks */,
				91BC0A3E2CDA590A00542FD2 /* Resources */,
			);
			buildRules = (
			);
			dependencies = (
			);
			name = NasaPhoto;
			productName = NasaPhoto;
			productReference = 91BC0A402CDA590A00542FD2 /* NasaPhoto.app */;
			productType = "com.apple.product-type.application";
		};
		91BC0A4F2CDA590B00542FD2 /* NasaPhotoTests */ = {
			isa = PBXNativeTarget;
			buildConfigurationList = 91BC0A672CDA590B00542FD2 /* Build configuration list for PBXNativeTarget "NasaPhotoTests" */;
			buildPhases = (
				91BC0A4C2CDA590B00542FD2 /* Sources */,
				91BC0A4D2CDA590B00542FD2 /* Frameworks */,
				91BC0A4E2CDA590B00542FD2 /* Resources */,
			);
			buildRules = (
			);
			dependencies = (
				91BC0A522CDA590B00542FD2 /* PBXTargetDependency */,
			);
			name = NasaPhotoTests;
			productName = NasaPhotoTests;
			productReference = 91BC0A502CDA590B00542FD2 /* NasaPhotoTests.xctest */;
			productType = "com.apple.product-type.bundle.unit-test";
		};
		91BC0A592CDA590B00542FD2 /* NasaPhotoUITests */ = {
			isa = PBXNativeTarget;
			buildConfigurationList = 91BC0A6A2CDA590B00542FD2 /* Build configuration list for PBXNativeTarget "NasaPhotoUITests" */;
			buildPhases = (
				91BC0A562CDA590B00542FD2 /* Sources */,
				91BC0A572CDA590B00542FD2 /* Frameworks */,
				91BC0A582CDA590B00542FD2 /* Resources */,
			);
			buildRules = (
			);
			dependencies = (
				91BC0A5C2CDA590B00542FD2 /* PBXTargetDependency */,
			);
			name = NasaPhotoUITests;
			productName = NasaPhotoUITests;
			productReference = 91BC0A5A2CDA590B00542FD2 /* NasaPhotoUITests.xctest */;
			productType = "com.apple.product-type.bundle.ui-testing";
		};
/* End PBXNativeTarget section */

/* Begin PBXProject section */
		91BC0A382CDA590A00542FD2 /* Project object */ = {
			isa = PBXProject;
			attributes = {
				BuildIndependentTargetsInParallel = 1;
				LastSwiftUpdateCheck = 1540;
				LastUpgradeCheck = 1540;
				TargetAttributes = {
					91BC0A3F2CDA590A00542FD2 = {
						CreatedOnToolsVersion = 15.4;
					};
					91BC0A4F2CDA590B00542FD2 = {
						CreatedOnToolsVersion = 15.4;
						TestTargetID = 91BC0A3F2CDA590A00542FD2;
					};
					91BC0A592CDA590B00542FD2 = {
						CreatedOnToolsVersion = 15.4;
						TestTargetID = 91BC0A3F2CDA590A00542FD2;
					};
				};
			};
			buildConfigurationList = 91BC0A3B2CDA590A00542FD2 /* Build configuration list for PBXProject "NasaPhoto" */;
			compatibilityVersion = "Xcode 14.0";
			developmentRegion = en;
			hasScannedForEncodings = 0;
			knownRegions = (
				en,
				Base,
			);
			mainGroup = 91BC0A372CDA590A00542FD2;
			productRefGroup = 91BC0A412CDA590A00542FD2 /* Products */;
			projectDirPath = "";
			projectRoot = "";
			targets = (
				91BC0A3F2CDA590A00542FD2 /* NasaPhoto */,
				91BC0A4F2CDA590B00542FD2 /* NasaPhotoTests */,
				91BC0A592CDA590B00542FD2 /* NasaPhotoUITests */,
			);
		};
/* End PBXProject section */

/* Begin PBXResourcesBuildPhase section */
		91BC0A3E2CDA590A00542FD2 /* Resources */ = {
			isa = PBXResourcesBuildPhase;
			buildActionMask = 2147483647;
			files = (
				91BC0A4B2CDA590B00542FD2 /* Preview Assets.xcassets in Resources */,
				91BC0A482CDA590B00542FD2 /* Assets.xcassets in Resources */,
			);
			runOnlyForDeploymentPostprocessing = 0;
		};
		91BC0A4E2CDA590B00542FD2 /* Resources */ = {
			isa = PBXResourcesBuildPhase;
			buildActionMask = 2147483647;
			files = (
			);
			runOnlyForDeploymentPostprocessing = 0;
		};
		91BC0A582CDA590B00542FD2 /* Resources */ = {
			isa = PBXResourcesBuildPhase;
			buildActionMask = 2147483647;
			files = (
			);
			runOnlyForDeploymentPostprocessing = 0;
		};
/* End PBXResourcesBuildPhase section */

/* Begin PBXSourcesBuildPhase section */
		91BC0A3C2CDA590A00542FD2 /* Sources */ = {
			isa = PBXSourcesBuildPhase;
			buildActionMask = 2147483647;
			files = (
				91BC0A722CDA61D100542FD2 /* PhotoInfoViewModel.swift in Sources */,
				91BC0A702CDA5BB100542FD2 /* PhotoInfoService.swift in Sources */,
				91BC0A6E2CDA5A2B00542FD2 /* PhotoInfo.swift in Sources */,
				91BC0A462CDA590A00542FD2 /* ContentView.swift in Sources */,
				91BC0A442CDA590A00542FD2 /* NasaPhotoApp.swift in Sources */,
			);
			runOnlyForDeploymentPostprocessing = 0;
		};
		91BC0A4C2CDA590B00542FD2 /* Sources */ = {
			isa = PBXSourcesBuildPhase;
			buildActionMask = 2147483647;
			files = (
				91BC0A552CDA590B00542FD2 /* NasaPhotoTests.swift in Sources */,
			);
			runOnlyForDeploymentPostprocessing = 0;
		};
		91BC0A562CDA590B00542FD2 /* Sources */ = {
			isa = PBXSourcesBuildPhase;
			buildActionMask = 2147483647;
			files = (
				91BC0A612CDA590B00542FD2 /* NasaPhotoUITestsLaunchTests.swift in Sources */,
				91BC0A5F2CDA590B00542FD2 /* NasaPhotoUITests.swift in Sources */,
			);
			runOnlyForDeploymentPostprocessing = 0;
		};
/* End PBXSourcesBuildPhase section */

/* Begin PBXTargetDependency section */
		91BC0A522CDA590B00542FD2 /* PBXTargetDependency */ = {
			isa = PBXTargetDependency;
			target = 91BC0A3F2CDA590A00542FD2 /* NasaPhoto */;
			targetProxy = 91BC0A512CDA590B00542FD2 /* PBXContainerItemProxy */;
		};
		91BC0A5C2CDA590B00542FD2 /* PBXTargetDependency */ = {
			isa = PBXTargetDependency;
			target = 91BC0A3F2CDA590A00542FD2 /* NasaPhoto */;
			targetProxy = 91BC0A5B2CDA590B00542FD2 /* PBXContainerItemProxy */;
		};
/* End PBXTargetDependency section */

/* Begin XCBuildConfiguration section */
		91BC0A622CDA590B00542FD2 /* Debug */ = {
			isa = XCBuildConfiguration;
			buildSettings = {
				ALWAYS_SEARCH_USER_PATHS = NO;
				ASSETCATALOG_COMPILER_GENERATE_SWIFT_ASSET_SYMBOL_EXTENSIONS = YES;
				CLANG_ANALYZER_NONNULL = YES;
				CLANG_ANALYZER_NUMBER_OBJECT_CONVERSION = YES_AGGRESSIVE;
				CLANG_CXX_LANGUAGE_STANDARD = "gnu++20";
				CLANG_ENABLE_MODULES = YES;
				CLANG_ENABLE_OBJC_ARC = YES;
				CLANG_ENABLE_OBJC_WEAK = YES;
				CLANG_WARN_BLOCK_CAPTURE_AUTORELEASING = YES;
				CLANG_WARN_BOOL_CONVERSION = YES;
				CLANG_WARN_COMMA = YES;
				CLANG_WARN_CONSTANT_CONVERSION = YES;
				CLANG_WARN_DEPRECATED_OBJC_IMPLEMENTATIONS = YES;
				CLANG_WARN_DIRECT_OBJC_ISA_USAGE = YES_ERROR;
				CLANG_WARN_DOCUMENTATION_COMMENTS = YES;
				CLANG_WARN_EMPTY_BODY = YES;
				CLANG_WARN_ENUM_CONVERSION = YES;
				CLANG_WARN_INFINITE_RECURSION = YES;
				CLANG_WARN_INT_CONVERSION = YES;
				CLANG_WARN_NON_LITERAL_NULL_CONVERSION = YES;
				CLANG_WARN_OBJC_IMPLICIT_RETAIN_SELF = YES;
				CLANG_WARN_OBJC_LITERAL_CONVERSION = YES;
				CLANG_WARN_OBJC_ROOT_CLASS = YES_ERROR;
				CLANG_WARN_QUOTED_INCLUDE_IN_FRAMEWORK_HEADER = YES;
				CLANG_WARN_RANGE_LOOP_ANALYSIS = YES;
				CLANG_WARN_STRICT_PROTOTYPES = YES;
				CLANG_WARN_SUSPICIOUS_MOVE = YES;
				CLANG_WARN_UNGUARDED_AVAILABILITY = YES_AGGRESSIVE;
				CLANG_WARN_UNREACHABLE_CODE = YES;
				CLANG_WARN__DUPLICATE_METHOD_MATCH = YES;
				COPY_PHASE_STRIP = NO;
				DEBUG_INFORMATION_FORMAT = dwarf;
				ENABLE_STRICT_OBJC_MSGSEND = YES;
				ENABLE_TESTABILITY = YES;
				ENABLE_USER_SCRIPT_SANDBOXING = YES;
				GCC_C_LANGUAGE_STANDARD = gnu17;
				GCC_DYNAMIC_NO_PIC = NO;
				GCC_NO_COMMON_BLOCKS = YES;
				GCC_OPTIMIZATION_LEVEL = 0;
				GCC_PREPROCESSOR_DEFINITIONS = (
					"DEBUG=1",
					"$(inherited)",
				);
				GCC_WARN_64_TO_32_BIT_CONVERSION = YES;
				GCC_WARN_ABOUT_RETURN_TYPE = YES_ERROR;
				GCC_WARN_UNDECLARED_SELECTOR = YES;
				GCC_WARN_UNINITIALIZED_AUTOS = YES_AGGRESSIVE;
				GCC_WARN_UNUSED_FUNCTION = YES;
				GCC_WARN_UNUSED_VARIABLE = YES;
				IPHONEOS_DEPLOYMENT_TARGET = 17.5;
				LOCALIZATION_PREFERS_STRING_CATALOGS = YES;
				MTL_ENABLE_DEBUG_INFO = INCLUDE_SOURCE;
				MTL_FAST_MATH = YES;
				ONLY_ACTIVE_ARCH = YES;
				SDKROOT = iphoneos;
				SWIFT_ACTIVE_COMPILATION_CONDITIONS = "DEBUG $(inherited)";
				SWIFT_OPTIMIZATION_LEVEL = "-Onone";
			};
			name = Debug;
		};
		91BC0A632CDA590B00542FD2 /* Release */ = {
			isa = XCBuildConfiguration;
			buildSettings = {
				ALWAYS_SEARCH_USER_PATHS = NO;
				ASSETCATALOG_COMPILER_GENERATE_SWIFT_ASSET_SYMBOL_EXTENSIONS = YES;
				CLANG_ANALYZER_NONNULL = YES;
				CLANG_ANALYZER_NUMBER_OBJECT_CONVERSION = YES_AGGRESSIVE;
				CLANG_CXX_LANGUAGE_STANDARD = "gnu++20";
				CLANG_ENABLE_MODULES = YES;
				CLANG_ENABLE_OBJC_ARC = YES;
				CLANG_ENABLE_OBJC_WEAK = YES;
				CLANG_WARN_BLOCK_CAPTURE_AUTORELEASING = YES;
				CLANG_WARN_BOOL_CONVERSION = YES;
				CLANG_WARN_COMMA = YES;
				CLANG_WARN_CONSTANT_CONVERSION = YES;
				CLANG_WARN_DEPRECATED_OBJC_IMPLEMENTATIONS = YES;
				CLANG_WARN_DIRECT_OBJC_ISA_USAGE = YES_ERROR;
				CLANG_WARN_DOCUMENTATION_COMMENTS = YES;
				CLANG_WARN_EMPTY_BODY = YES;
				CLANG_WARN_ENUM_CONVERSION = YES;
				CLANG_WARN_INFINITE_RECURSION = YES;
				CLANG_WARN_INT_CONVERSION = YES;
				CLANG_WARN_NON_LITERAL_NULL_CONVERSION = YES;
				CLANG_WARN_OBJC_IMPLICIT_RETAIN_SELF = YES;
				CLANG_WARN_OBJC_LITERAL_CONVERSION = YES;
				CLANG_WARN_OBJC_ROOT_CLASS = YES_ERROR;
				CLANG_WARN_QUOTED_INCLUDE_IN_FRAMEWORK_HEADER = YES;
				CLANG_WARN_RANGE_LOOP_ANALYSIS = YES;
				CLANG_WARN_STRICT_PROTOTYPES = YES;
				CLANG_WARN_SUSPICIOUS_MOVE = YES;
				CLANG_WARN_UNGUARDED_AVAILABILITY = YES_AGGRESSIVE;
				CLANG_WARN_UNREACHABLE_CODE = YES;
				CLANG_WARN__DUPLICATE_METHOD_MATCH = YES;
				COPY_PHASE_STRIP = NO;
				DEBUG_INFORMATION_FORMAT = "dwarf-with-dsym";
				ENABLE_NS_ASSERTIONS = NO;
				ENABLE_STRICT_OBJC_MSGSEND = YES;
				ENABLE_USER_SCRIPT_SANDBOXING = YES;
				GCC_C_LANGUAGE_STANDARD = gnu17;
				GCC_NO_COMMON_BLOCKS = YES;
				GCC_WARN_64_TO_32_BIT_CONVERSION = YES;
				GCC_WARN_ABOUT_RETURN_TYPE = YES_ERROR;
				GCC_WARN_UNDECLARED_SELECTOR = YES;
				GCC_WARN_UNINITIALIZED_AUTOS = YES_AGGRESSIVE;
				GCC_WARN_UNUSED_FUNCTION = YES;
				GCC_WARN_UNUSED_VARIABLE = YES;
				IPHONEOS_DEPLOYMENT_TARGET = 17.5;
				LOCALIZATION_PREFERS_STRING_CATALOGS = YES;
				MTL_ENABLE_DEBUG_INFO = NO;
				MTL_FAST_MATH = YES;
				SDKROOT = iphoneos;
				SWIFT_COMPILATION_MODE = wholemodule;
				VALIDATE_PRODUCT = YES;
			};
			name = Release;
		};
		91BC0A652CDA590B00542FD2 /* Debug */ = {
			isa = XCBuildConfiguration;
			buildSettings = {
				ASSETCATALOG_COMPILER_APPICON_NAME = AppIcon;
				ASSETCATALOG_COMPILER_GLOBAL_ACCENT_COLOR_NAME = AccentColor;
				CODE_SIGN_STYLE = Automatic;
				CURRENT_PROJECT_VERSION = 1;
				DEVELOPMENT_ASSET_PATHS = "\"NasaPhoto/Preview Content\"";
				ENABLE_PREVIEWS = YES;
				GENERATE_INFOPLIST_FILE = YES;
				INFOPLIST_KEY_UIApplicationSceneManifest_Generation = YES;
				INFOPLIST_KEY_UIApplicationSupportsIndirectInputEvents = YES;
				INFOPLIST_KEY_UILaunchScreen_Generation = YES;
				INFOPLIST_KEY_UISupportedInterfaceOrientations_iPad = "UIInterfaceOrientationPortrait UIInterfaceOrientationPortraitUpsideDown UIInterfaceOrientationLandscapeLeft UIInterfaceOrientationLandscapeRight";
				INFOPLIST_KEY_UISupportedInterfaceOrientations_iPhone = "UIInterfaceOrientationPortrait UIInterfaceOrientationLandscapeLeft UIInterfaceOrientationLandscapeRight";
				LD_RUNPATH_SEARCH_PATHS = (
					"$(inherited)",
					"@executable_path/Frameworks",
				);
				MARKETING_VERSION = 1.0;
				PRODUCT_BUNDLE_IDENTIFIER = fr.lucas.NasaPhoto;
				PRODUCT_NAME = "$(TARGET_NAME)";
				SWIFT_EMIT_LOC_STRINGS = YES;
				SWIFT_VERSION = 5.0;
				TARGETED_DEVICE_FAMILY = "1,2";
			};
			name = Debug;
		};
		91BC0A662CDA590B00542FD2 /* Release */ = {
			isa = XCBuildConfiguration;
			buildSettings = {
				ASSETCATALOG_COMPILER_APPICON_NAME = AppIcon;
				ASSETCATALOG_COMPILER_GLOBAL_ACCENT_COLOR_NAME = AccentColor;
				CODE_SIGN_STYLE = Automatic;
				CURRENT_PROJECT_VERSION = 1;
				DEVELOPMENT_ASSET_PATHS = "\"NasaPhoto/Preview Content\"";
				ENABLE_PREVIEWS = YES;
				GENERATE_INFOPLIST_FILE = YES;
				INFOPLIST_KEY_UIApplicationSceneManifest_Generation = YES;
				INFOPLIST_KEY_UIApplicationSupportsIndirectInputEvents = YES;
				INFOPLIST_KEY_UILaunchScreen_Generation = YES;
				INFOPLIST_KEY_UISupportedInterfaceOrientations_iPad = "UIInterfaceOrientationPortrait UIInterfaceOrientationPortraitUpsideDown UIInterfaceOrientationLandscapeLeft UIInterfaceOrientationLandscapeRight";
				INFOPLIST_KEY_UISupportedInterfaceOrientations_iPhone = "UIInterfaceOrientationPortrait UIInterfaceOrientationLandscapeLeft UIInterfaceOrientationLandscapeRight";
				LD_RUNPATH_SEARCH_PATHS = (
					"$(inherited)",
					"@executable_path/Frameworks",
				);
				MARKETING_VERSION = 1.0;
				PRODUCT_BUNDLE_IDENTIFIER = fr.lucas.NasaPhoto;
				PRODUCT_NAME = "$(TARGET_NAME)";
				SWIFT_EMIT_LOC_STRINGS = YES;
				SWIFT_VERSION = 5.0;
				TARGETED_DEVICE_FAMILY = "1,2";
			};
			name = Release;
		};
		91BC0A682CDA590B00542FD2 /* Debug */ = {
			isa = XCBuildConfiguration;
			buildSettings = {
				ALWAYS_EMBED_SWIFT_STANDARD_LIBRARIES = YES;
				BUNDLE_LOADER = "$(TEST_HOST)";
				CODE_SIGN_STYLE = Automatic;
				CURRENT_PROJECT_VERSION = 1;
				GENERATE_INFOPLIST_FILE = YES;
				IPHONEOS_DEPLOYMENT_TARGET = 17.5;
				MARKETING_VERSION = 1.0;
				PRODUCT_BUNDLE_IDENTIFIER = fr.lucas.NasaPhotoTests;
				PRODUCT_NAME = "$(TARGET_NAME)";
				SWIFT_EMIT_LOC_STRINGS = NO;
				SWIFT_VERSION = 5.0;
				TARGETED_DEVICE_FAMILY = "1,2";
				TEST_HOST = "$(BUILT_PRODUCTS_DIR)/NasaPhoto.app/$(BUNDLE_EXECUTABLE_FOLDER_PATH)/NasaPhoto";
			};
			name = Debug;
		};
		91BC0A692CDA590B00542FD2 /* Release */ = {
			isa = XCBuildConfiguration;
			buildSettings = {
				ALWAYS_EMBED_SWIFT_STANDARD_LIBRARIES = YES;
				BUNDLE_LOADER = "$(TEST_HOST)";
				CODE_SIGN_STYLE = Automatic;
				CURRENT_PROJECT_VERSION = 1;
				GENERATE_INFOPLIST_FILE = YES;
				IPHONEOS_DEPLOYMENT_TARGET = 17.5;
				MARKETING_VERSION = 1.0;
				PRODUCT_BUNDLE_IDENTIFIER = fr.lucas.NasaPhotoTests;
				PRODUCT_NAME = "$(TARGET_NAME)";
				SWIFT_EMIT_LOC_STRINGS = NO;
				SWIFT_VERSION = 5.0;
				TARGETED_DEVICE_FAMILY = "1,2";
				TEST_HOST = "$(BUILT_PRODUCTS_DIR)/NasaPhoto.app/$(BUNDLE_EXECUTABLE_FOLDER_PATH)/NasaPhoto";
			};
			name = Release;
		};
		91BC0A6B2CDA590B00542FD2 /* Debug */ = {
			isa = XCBuildConfiguration;
			buildSettings = {
				ALWAYS_EMBED_SWIFT_STANDARD_LIBRARIES = YES;
				CODE_SIGN_STYLE = Automatic;
				CURRENT_PROJECT_VERSION = 1;
				GENERATE_INFOPLIST_FILE = YES;
				MARKETING_VERSION = 1.0;
				PRODUCT_BUNDLE_IDENTIFIER = fr.lucas.NasaPhotoUITests;
				PRODUCT_NAME = "$(TARGET_NAME)";
				SWIFT_EMIT_LOC_STRINGS = NO;
				SWIFT_VERSION = 5.0;
				TARGETED_DEVICE_FAMILY = "1,2";
				TEST_TARGET_NAME = NasaPhoto;
			};
			name = Debug;
		};
		91BC0A6C2CDA590B00542FD2 /* Release */ = {
			isa = XCBuildConfiguration;
			buildSettings = {
				ALWAYS_EMBED_SWIFT_STANDARD_LIBRARIES = YES;
				CODE_SIGN_STYLE = Automatic;
				CURRENT_PROJECT_VERSION = 1;
				GENERATE_INFOPLIST_FILE = YES;
				MARKETING_VERSION = 1.0;
				PRODUCT_BUNDLE_IDENTIFIER = fr.lucas.NasaPhotoUITests;
				PRODUCT_NAME = "$(TARGET_NAME)";
				SWIFT_EMIT_LOC_STRINGS = NO;
				SWIFT_VERSION = 5.0;
				TARGETED_DEVICE_FAMILY = "1,2";
				TEST_TARGET_NAME = NasaPhoto;
			};
			name = Release;
		};
/* End XCBuildConfiguration section */

/* Begin XCConfigurationList section */
		91BC0A3B2CDA590A00542FD2 /* Build configuration list for PBXProject "NasaPhoto" */ = {
			isa = XCConfigurationList;
			buildConfigurations = (
				91BC0A622CDA590B00542FD2 /* Debug */,
				91BC0A632CDA590B00542FD2 /* Release */,
			);
			defaultConfigurationIsVisible = 0;
			defaultConfigurationName = Release;
		};
		91BC0A642CDA590B00542FD2 /* Build configuration list for PBXNativeTarget "NasaPhoto" */ = {
			isa = XCConfigurationList;
			buildConfigurations = (
				91BC0A652CDA590B00542FD2 /* Debug */,
				91BC0A662CDA590B00542FD2 /* Release */,
			);
			defaultConfigurationIsVisible = 0;
			defaultConfigurationName = Release;
		};
		91BC0A672CDA590B00542FD2 /* Build configuration list for PBXNativeTarget "NasaPhotoTests" */ = {
			isa = XCConfigurationList;
			buildConfigurations = (
				91BC0A682CDA590B00542FD2 /* Debug */,
				91BC0A692CDA590B00542FD2 /* Release */,
			);
			defaultConfigurationIsVisible = 0;
			defaultConfigurationName = Release;
		};
		91BC0A6A2CDA590B00542FD2 /* Build configuration list for PBXNativeTarget "NasaPhotoUITests" */ = {
			isa = XCConfigurationList;
			buildConfigurations = (
				91BC0A6B2CDA590B00542FD2 /* Debug */,
				91BC0A6C2CDA590B00542FD2 /* Release */,
			);
			defaultConfigurationIsVisible = 0;
			defaultConfigurationName = Release;
		};
/* End XCConfigurationList section */
	};
	rootObject = 91BC0A382CDA590A00542FD2 /* Project object */;
}
